
Microsoft Visual Studio Solution File, Format Version 12.00
# Visual Studio 15
VisualStudioVersion = 15.0.28307.1022
MinimumVisualStudioVersion = 10.0.40219.1
Project("{FAE04EC0-301F-11D3-BF4B-00C04F79EFBC}") = "App01_ConsultaCep.Android", "App01_ConsultaCep\App01_ConsultaCep.Android\App01_ConsultaCep.Android.csproj", "{ADC3E931-3E18-42B4-A203-DC95E745EC56}"
EndProject
Project("{FAE04EC0-301F-11D3-BF4B-00C04F79EFBC}") = "App01_ConsultaCep.iOS", "App01_ConsultaCep\App01_ConsultaCep.iOS\App01_ConsultaCep.iOS.csproj", "{957FB629-408D-48ED-BBF1-0D73B6D226F9}"
EndProject
Project("{FAE04EC0-301F-11D3-BF4B-00C04F79EFBC}") = "App01_ConsultaCep.UWP", "App01_ConsultaCep\App01_ConsultaCep.UWP\App01_ConsultaCep.UWP.csproj", "{3AF92986-206E-4C25-BAF8-ACEB0EDF8F95}"
EndProject
Project("{FAE04EC0-301F-11D3-BF4B-00C04F79EFBC}") = "App01_ConsultaCep", "App01_ConsultaCep\App01_ConsultaCep\App01_ConsultaCep.csproj", "{FA8428BA-70A9-427A-8BEE-A8566075CEFA}"
EndProject
Global
	GlobalSection(SolutionConfigurationPlatforms) = preSolution
		Ad-Hoc|Any CPU = Ad-Hoc|Any CPU
		Ad-Hoc|ARM = Ad-Hoc|ARM
		Ad-Hoc|iPhone = Ad-Hoc|iPhone
		Ad-Hoc|iPhoneSimulator = Ad-Hoc|iPhoneSimulator
		Ad-Hoc|x64 = Ad-Hoc|x64
		Ad-Hoc|x86 = Ad-Hoc|x86
		AppStore|Any CPU = AppStore|Any CPU
		AppStore|ARM = AppStore|ARM
		AppStore|iPhone = AppStore|iPhone
		AppStore|iPhoneSimulator = AppStore|iPhoneSimulator
		AppStore|x64 = AppStore|x64
		AppStore|x86 = AppStore|x86
		Debug|Any CPU = Debug|Any CPU
		Debug|ARM = Debug|ARM
		Debug|iPhone = Debug|iPhone
		Debug|iPhoneSimulator = Debug|iPhoneSimulator
		Debug|x64 = Debug|x64
		Debug|x86 = Debug|x86
		Release|Any CPU = Release|Any CPU
		Release|ARM = Release|ARM
		Release|iPhone = Release|iPhone
		Release|iPhoneSimulator = Release|iPhoneSimulator
		Release|x64 = Release|x64
		Release|x86 = Release|x86
	EndGlobalSection
	GlobalSection(ProjectConfigurationPlatforms) = postSolution
		{ADC3E931-3E18-42B4-A203-DC95E745EC56}.Ad-Hoc|Any CPU.ActiveCfg = Release|Any CPU
		{ADC3E931-3E18-42B4-A203-DC95E745EC56}.Ad-Hoc|Any CPU.Build.0 = Release|Any CPU
		{ADC3E931-3E18-42B4-A203-DC95E745EC56}.Ad-Hoc|Any CPU.Deploy.0 = Release|Any CPU
		{ADC3E931-3E18-42B4-A203-DC95E745EC56}.Ad-Hoc|ARM.ActiveCfg = Release|Any CPU
		{ADC3E931-3E18-42B4-A203-DC95E745EC56}.Ad-Hoc|ARM.Build.0 = Release|Any CPU
		{ADC3E931-3E18-42B4-A203-DC95E745EC56}.Ad-Hoc|ARM.Deploy.0 = Release|Any CPU
		{ADC3E931-3E18-42B4-A203-DC95E745EC56}.Ad-Hoc|iPhone.ActiveCfg = Release|Any CPU
		{ADC3E931-3E18-42B4-A203-DC95E745EC56}.Ad-Hoc|iPhone.Build.0 = Release|Any CPU
		{ADC3E931-3E18-42B4-A203-DC95E745EC56}.Ad-Hoc|iPhone.Deploy.0 = Release|Any CPU
		{ADC3E931-3E18-42B4-A203-DC95E745EC56}.Ad-Hoc|iPhoneSimulator.ActiveCfg = Release|Any CPU
		{ADC3E931-3E18-42B4-A203-DC95E745EC56}.Ad-Hoc|iPhoneSimulator.Build.0 = Release|Any CPU
		{ADC3E931-3E18-42B4-A203-DC95E745EC56}.Ad-Hoc|iPhoneSimulator.Deploy.0 = Release|Any CPU
		{ADC3E931-3E18-42B4-A203-DC95E745EC56}.Ad-Hoc|x64.ActiveCfg = Release|Any CPU
		{ADC3E931-3E18-42B4-A203-DC95E745EC56}.Ad-Hoc|x64.Build.0 = Release|Any CPU
		{ADC3E931-3E18-42B4-A203-DC95E745EC56}.Ad-Hoc|x64.Deploy.0 = Release|Any CPU
		{ADC3E931-3E18-42B4-A203-DC95E745EC56}.Ad-Hoc|x86.ActiveCfg = Release|Any CPU
		{ADC3E931-3E18-42B4-A203-DC95E745EC56}.Ad-Hoc|x86.Build.0 = Release|Any CPU
		{ADC3E931-3E18-42B4-A203-DC95E745EC56}.Ad-Hoc|x86.Deploy.0 = Release|Any CPU
		{ADC3E931-3E18-42B4-A203-DC95E745EC56}.AppStore|Any CPU.ActiveCfg = Release|Any CPU
		{ADC3E931-3E18-42B4-A203-DC95E745EC56}.AppStore|Any CPU.Build.0 = Release|Any CPU
		{ADC3E931-3E18-42B4-A203-DC95E745EC56}.AppStore|Any CPU.Deploy.0 = Release|Any CPU
		{ADC3E931-3E18-42B4-A203-DC95E745EC56}.AppStore|ARM.ActiveCfg = Release|Any CPU
		{ADC3E931-3E18-42B4-A203-DC95E745EC56}.AppStore|ARM.Build.0 = Release|Any CPU
		{ADC3E931-3E18-42B4-A203-DC95E745EC56}.AppStore|ARM.Deploy.0 = Release|Any CPU
		{ADC3E931-3E18-42B4-A203-DC95E745EC56}.AppStore|iPhone.ActiveCfg = Release|Any CPU
		{ADC3E931-3E18-42B4-A203-DC95E745EC56}.AppStore|iPhone.Build.0 = Release|Any CPU
		{ADC3E931-3E18-42B4-A203-DC95E745EC56}.AppStore|iPhone.Deploy.0 = Release|Any CPU
		{ADC3E931-3E18-42B4-A203-DC95E745EC56}.AppStore|iPhoneSimulator.ActiveCfg = Release|Any CPU
		{ADC3E931-3E18-42B4-A203-DC95E745EC56}.AppStore|iPhoneSimulator.Build.0 = Release|Any CPU
		{ADC3E931-3E18-42B4-A203-DC95E745EC56}.AppStore|iPhoneSimulator.Deploy.0 = Release|Any CPU
		{ADC3E931-3E18-42B4-A203-DC95E745EC56}.AppStore|x64.ActiveCfg = Release|Any CPU
		{ADC3E931-3E18-42B4-A203-DC95E745EC56}.AppStore|x64.Build.0 = Release|Any CPU
		{ADC3E931-3E18-42B4-A203-DC95E745EC56}.AppStore|x64.Deploy.0 = Release|Any CPU
		{ADC3E931-3E18-42B4-A203-DC95E745EC56}.AppStore|x86.ActiveCfg = Release|Any CPU
		{ADC3E931-3E18-42B4-A203-DC95E745EC56}.AppStore|x86.Build.0 = Release|Any CPU
		{ADC3E931-3E18-42B4-A203-DC95E745EC56}.AppStore|x86.Deploy.0 = Release|Any CPU
		{ADC3E931-3E18-42B4-A203-DC95E745EC56}.Debug|Any CPU.ActiveCfg = Debug|Any CPU
		{ADC3E931-3E18-42B4-A203-DC95E745EC56}.Debug|Any CPU.Build.0 = Debug|Any CPU
		{ADC3E931-3E18-42B4-A203-DC95E745EC56}.Debug|Any CPU.Deploy.0 = Debug|Any CPU
		{ADC3E931-3E18-42B4-A203-DC95E745EC56}.Debug|ARM.ActiveCfg = Debug|Any CPU
		{ADC3E931-3E18-42B4-A203-DC95E745EC56}.Debug|ARM.Build.0 = Debug|Any CPU
		{ADC3E931-3E18-42B4-A203-DC95E745EC56}.Debug|ARM.Deploy.0 = Debug|Any CPU
		{ADC3E931-3E18-42B4-A203-DC95E745EC56}.Debug|iPhone.ActiveCfg = Debug|Any CPU
		{ADC3E931-3E18-42B4-A203-DC95E745EC56}.Debug|iPhone.Build.0 = Debug|Any CPU
		{ADC3E931-3E18-42B4-A203-DC95E745EC56}.Debug|iPhone.Deploy.0 = Debug|Any CPU
		{ADC3E931-3E18-42B4-A203-DC95E745EC56}.Debug|iPhoneSimulator.ActiveCfg = Debug|Any CPU
		{ADC3E931-3E18-42B4-A203-DC95E745EC56}.Debug|iPhoneSimulator.Build.0 = Debug|Any CPU
		{ADC3E931-3E18-42B4-A203-DC95E745EC56}.Debug|iPhoneSimulator.Deploy.0 = Debug|Any CPU
		{ADC3E931-3E18-42B4-A203-DC95E745EC56}.Debug|x64.ActiveCfg = Debug|Any CPU
		{ADC3E931-3E18-42B4-A203-DC95E745EC56}.Debug|x64.Build.0 = Debug|Any CPU
		{ADC3E931-3E18-42B4-A203-DC95E745EC56}.Debug|x64.Deploy.0 = Debug|Any CPU
		{ADC3E931-3E18-42B4-A203-DC95E745EC56}.Debug|x86.ActiveCfg = Debug|Any CPU
		{ADC3E931-3E18-42B4-A203-DC95E745EC56}.Debug|x86.Build.0 = Debug|Any CPU
		{ADC3E931-3E18-42B4-A203-DC95E745EC56}.Debug|x86.Deploy.0 = Debug|Any CPU
		{ADC3E931-3E18-42B4-A203-DC95E745EC56}.Release|Any CPU.ActiveCfg = Release|Any CPU
		{ADC3E931-3E18-42B4-A203-DC95E745EC56}.Release|Any CPU.Build.0 = Release|Any CPU
		{ADC3E931-3E18-42B4-A203-DC95E745EC56}.Release|Any CPU.Deploy.0 = Release|Any CPU
		{ADC3E931-3E18-42B4-A203-DC95E745EC56}.Release|ARM.ActiveCfg = Release|Any CPU
		{ADC3E931-3E18-42B4-A203-DC95E745EC56}.Release|ARM.Build.0 = Release|Any CPU
		{ADC3E931-3E18-42B4-A203-DC95E745EC56}.Release|ARM.Deploy.0 = Release|Any CPU
		{ADC3E931-3E18-42B4-A203-DC95E745EC56}.Release|iPhone.ActiveCfg = Release|Any CPU
		{ADC3E931-3E18-42B4-A203-DC95E745EC56}.Release|iPhone.Build.0 = Release|Any CPU
		{ADC3E931-3E18-42B4-A203-DC95E745EC56}.Release|iPhone.Deploy.0 = Release|Any CPU
		{ADC3E931-3E18-42B4-A203-DC95E745EC56}.Release|iPhoneSimulator.ActiveCfg = Release|Any CPU
		{ADC3E931-3E18-42B4-A203-DC95E745EC56}.Release|iPhoneSimulator.Build.0 = Release|Any CPU
		{ADC3E931-3E18-42B4-A203-DC95E745EC56}.Release|iPhoneSimulator.Deploy.0 = Release|Any CPU
		{ADC3E931-3E18-42B4-A203-DC95E745EC56}.Release|x64.ActiveCfg = Release|Any CPU
		{ADC3E931-3E18-42B4-A203-DC95E745EC56}.Release|x64.Build.0 = Release|Any CPU
		{ADC3E931-3E18-42B4-A203-DC95E745EC56}.Release|x64.Deploy.0 = Release|Any CPU
		{ADC3E931-3E18-42B4-A203-DC95E745EC56}.Release|x86.ActiveCfg = Release|Any CPU
		{ADC3E931-3E18-42B4-A203-DC95E745EC56}.Release|x86.Build.0 = Release|Any CPU
		{ADC3E931-3E18-42B4-A203-DC95E745EC56}.Release|x86.Deploy.0 = Release|Any CPU
		{957FB629-408D-48ED-BBF1-0D73B6D226F9}.Ad-Hoc|Any CPU.ActiveCfg = Ad-Hoc|iPhone
		{957FB629-408D-48ED-BBF1-0D73B6D226F9}.Ad-Hoc|Any CPU.Build.0 = Ad-Hoc|iPhone
		{957FB629-408D-48ED-BBF1-0D73B6D226F9}.Ad-Hoc|Any CPU.Deploy.0 = Ad-Hoc|iPhone
		{957FB629-408D-48ED-BBF1-0D73B6D226F9}.Ad-Hoc|ARM.ActiveCfg = Ad-Hoc|iPhone
		{957FB629-408D-48ED-BBF1-0D73B6D226F9}.Ad-Hoc|ARM.Build.0 = Ad-Hoc|iPhone
		{957FB629-408D-48ED-BBF1-0D73B6D226F9}.Ad-Hoc|ARM.Deploy.0 = Ad-Hoc|iPhone
		{957FB629-408D-48ED-BBF1-0D73B6D226F9}.Ad-Hoc|iPhone.ActiveCfg = Ad-Hoc|iPhone
		{957FB629-408D-48ED-BBF1-0D73B6D226F9}.Ad-Hoc|iPhone.Build.0 = Ad-Hoc|iPhone
		{957FB629-408D-48ED-BBF1-0D73B6D226F9}.Ad-Hoc|iPhone.Deploy.0 = Ad-Hoc|iPhone
		{957FB629-408D-48ED-BBF1-0D73B6D226F9}.Ad-Hoc|iPhoneSimulator.ActiveCfg = Ad-Hoc|iPhoneSimulator
		{957FB629-408D-48ED-BBF1-0D73B6D226F9}.Ad-Hoc|iPhoneSimulator.Build.0 = Ad-Hoc|iPhoneSimulator
		{957FB629-408D-48ED-BBF1-0D73B6D226F9}.Ad-Hoc|iPhoneSimulator.Deploy.0 = Ad-Hoc|iPhoneSimulator
		{957FB629-408D-48ED-BBF1-0D73B6D226F9}.Ad-Hoc|x64.ActiveCfg = Ad-Hoc|iPhone
		{957FB629-408D-48ED-BBF1-0D73B6D226F9}.Ad-Hoc|x64.Build.0 = Ad-Hoc|iPhone
		{957FB629-408D-48ED-BBF1-0D73B6D226F9}.Ad-Hoc|x64.Deploy.0 = Ad-Hoc|iPhone
		{957FB629-408D-48ED-BBF1-0D73B6D226F9}.Ad-Hoc|x86.ActiveCfg = Ad-Hoc|iPhone
		{957FB629-408D-48ED-BBF1-0D73B6D226F9}.Ad-Hoc|x86.Build.0 = Ad-Hoc|iPhone
		{957FB629-408D-48ED-BBF1-0D73B6D226F9}.Ad-Hoc|x86.Deploy.0 = Ad-Hoc|iPhone
		{957FB629-408D-48ED-BBF1-0D73B6D226F9}.AppStore|Any CPU.ActiveCfg = AppStore|iPhone
		{957FB629-408D-48ED-BBF1-0D73B6D226F9}.AppStore|Any CPU.Build.0 = AppStore|iPhone
		{957FB629-408D-48ED-BBF1-0D73B6D226F9}.AppStore|Any CPU.Deploy.0 = AppStore|iPhone
		{957FB629-408D-48ED-BBF1-0D73B6D226F9}.AppStore|ARM.ActiveCfg = AppStore|iPhone
		{957FB629-408D-48ED-BBF1-0D73B6D226F9}.AppStore|ARM.Build.0 = AppStore|iPhone
		{957FB629-408D-48ED-BBF1-0D73B6D226F9}.AppStore|ARM.Deploy.0 = AppStore|iPhone
		{957FB629-408D-48ED-BBF1-0D73B6D226F9}.AppStore|iPhone.ActiveCfg = AppStore|iPhone
		{957FB629-408D-48ED-BBF1-0D73B6D226F9}.AppStore|iPhone.Build.0 = AppStore|iPhone
		{957FB629-408D-48ED-BBF1-0D73B6D226F9}.AppStore|iPhone.Deploy.0 = AppStore|iPhone
		{957FB629-408D-48ED-BBF1-0D73B6D226F9}.AppStore|iPhoneSimulator.ActiveCfg = AppStore|iPhoneSimulator
		{957FB629-408D-48ED-BBF1-0D73B6D226F9}.AppStore|iPhoneSimulator.Build.0 = AppStore|iPhoneSimulator
		{957FB629-408D-48ED-BBF1-0D73B6D226F9}.AppStore|iPhoneSimulator.Deploy.0 = AppStore|iPhoneSimulator
		{957FB629-408D-48ED-BBF1-0D73B6D226F9}.AppStore|x64.ActiveCfg = AppStore|iPhone
		{957FB629-408D-48ED-BBF1-0D73B6D226F9}.AppStore|x64.Build.0 = AppStore|iPhone
		{957FB629-408D-48ED-BBF1-0D73B6D226F9}.AppStore|x64.Deploy.0 = AppStore|iPhone
		{957FB629-408D-48ED-BBF1-0D73B6D226F9}.AppStore|x86.ActiveCfg = AppStore|iPhone
		{957FB629-408D-48ED-BBF1-0D73B6D226F9}.AppStore|x86.Build.0 = AppStore|iPhone
		{957FB629-408D-48ED-BBF1-0D73B6D226F9}.AppStore|x86.Deploy.0 = AppStore|iPhone
		{957FB629-408D-48ED-BBF1-0D73B6D226F9}.Debug|Any CPU.ActiveCfg = Debug|iPhoneSimulator
		{957FB629-408D-48ED-BBF1-0D73B6D226F9}.Debug|Any CPU.Build.0 = Debug|iPhoneSimulator
		{957FB629-408D-48ED-BBF1-0D73B6D226F9}.Debug|Any CPU.Deploy.0 = Debug|iPhoneSimulator
		{957FB629-408D-48ED-BBF1-0D73B6D226F9}.Debug|ARM.ActiveCfg = Debug|iPhone
		{957FB629-408D-48ED-BBF1-0D73B6D226F9}.Debug|ARM.Build.0 = Debug|iPhone
		{957FB629-408D-48ED-BBF1-0D73B6D226F9}.Debug|ARM.Deploy.0 = Debug|iPhone
		{957FB629-408D-48ED-BBF1-0D73B6D226F9}.Debug|iPhone.ActiveCfg = Debug|iPhone
		{957FB629-408D-48ED-BBF1-0D73B6D226F9}.Debug|iPhone.Build.0 = Debug|iPhone
		{957FB629-408D-48ED-BBF1-0D73B6D226F9}.Debug|iPhone.Deploy.0 = Debug|iPhone
		{957FB629-408D-48ED-BBF1-0D73B6D226F9}.Debug|iPhoneSimulator.ActiveCfg = Debug|iPhoneSimulator
		{957FB629-408D-48ED-BBF1-0D73B6D226F9}.Debug|iPhoneSimulator.Build.0 = Debug|iPhoneSimulator
		{957FB629-408D-48ED-BBF1-0D73B6D226F9}.Debug|iPhoneSimulator.Deploy.0 = Debug|iPhoneSimulator
		{957FB629-408D-48ED-BBF1-0D73B6D226F9}.Debug|x64.ActiveCfg = Debug|iPhone
		{957FB629-408D-48ED-BBF1-0D73B6D226F9}.Debug|x64.Build.0 = Debug|iPhone
		{957FB629-408D-48ED-BBF1-0D73B6D226F9}.Debug|x64.Deploy.0 = Debug|iPhone
		{957FB629-408D-48ED-BBF1-0D73B6D226F9}.Debug|x86.ActiveCfg = Debug|iPhone
		{957FB629-408D-48ED-BBF1-0D73B6D226F9}.Debug|x86.Build.0 = Debug|iPhone
		{957FB629-408D-48ED-BBF1-0D73B6D226F9}.Debug|x86.Deploy.0 = Debug|iPhone
		{957FB629-408D-48ED-BBF1-0D73B6D226F9}.Release|Any CPU.ActiveCfg = Release|iPhone
		{957FB629-408D-48ED-BBF1-0D73B6D226F9}.Release|Any CPU.Build.0 = Release|iPhone
		{957FB629-408D-48ED-BBF1-0D73B6D226F9}.Release|Any CPU.Deploy.0 = Release|iPhone
		{957FB629-408D-48ED-BBF1-0D73B6D226F9}.Release|ARM.ActiveCfg = Release|iPhone
		{957FB629-408D-48ED-BBF1-0D73B6D226F9}.Release|ARM.Build.0 = Release|iPhone
		{957FB629-408D-48ED-BBF1-0D73B6D226F9}.Release|ARM.Deploy.0 = Release|iPhone
		{957FB629-408D-48ED-BBF1-0D73B6D226F9}.Release|iPhone.ActiveCfg = Release|iPhone
		{957FB629-408D-48ED-BBF1-0D73B6D226F9}.Release|iPhone.Build.0 = Release|iPhone
		{957FB629-408D-48ED-BBF1-0D73B6D226F9}.Release|iPhone.Deploy.0 = Release|iPhone
		{957FB629-408D-48ED-BBF1-0D73B6D226F9}.Release|iPhoneSimulator.ActiveCfg = Release|iPhoneSimulator
		{957FB629-408D-48ED-BBF1-0D73B6D226F9}.Release|iPhoneSimulator.Build.0 = Release|iPhoneSimulator
		{957FB629-408D-48ED-BBF1-0D73B6D226F9}.Release|iPhoneSimulator.Deploy.0 = Release|iPhoneSimulator
		{957FB629-408D-48ED-BBF1-0D73B6D226F9}.Release|x64.ActiveCfg = Release|iPhone
		{957FB629-408D-48ED-BBF1-0D73B6D226F9}.Release|x64.Build.0 = Release|iPhone
		{957FB629-408D-48ED-BBF1-0D73B6D226F9}.Release|x64.Deploy.0 = Release|iPhone
		{957FB629-408D-48ED-BBF1-0D73B6D226F9}.Release|x86.ActiveCfg = Release|iPhone
		{957FB629-408D-48ED-BBF1-0D73B6D226F9}.Release|x86.Build.0 = Release|iPhone
		{957FB629-408D-48ED-BBF1-0D73B6D226F9}.Release|x86.Deploy.0 = Release|iPhone
		{3AF92986-206E-4C25-BAF8-ACEB0EDF8F95}.Ad-Hoc|Any CPU.ActiveCfg = Release|x86
		{3AF92986-206E-4C25-BAF8-ACEB0EDF8F95}.Ad-Hoc|Any CPU.Build.0 = Release|x86
		{3AF92986-206E-4C25-BAF8-ACEB0EDF8F95}.Ad-Hoc|Any CPU.Deploy.0 = Release|x86
		{3AF92986-206E-4C25-BAF8-ACEB0EDF8F95}.Ad-Hoc|ARM.ActiveCfg = Release|ARM
		{3AF92986-206E-4C25-BAF8-ACEB0EDF8F95}.Ad-Hoc|ARM.Build.0 = Release|ARM
		{3AF92986-206E-4C25-BAF8-ACEB0EDF8F95}.Ad-Hoc|ARM.Deploy.0 = Release|ARM
		{3AF92986-206E-4C25-BAF8-ACEB0EDF8F95}.Ad-Hoc|iPhone.ActiveCfg = Release|x86
		{3AF92986-206E-4C25-BAF8-ACEB0EDF8F95}.Ad-Hoc|iPhone.Build.0 = Release|x86
		{3AF92986-206E-4C25-BAF8-ACEB0EDF8F95}.Ad-Hoc|iPhone.Deploy.0 = Release|x86
		{3AF92986-206E-4C25-BAF8-ACEB0EDF8F95}.Ad-Hoc|iPhoneSimulator.ActiveCfg = Release|x86
		{3AF92986-206E-4C25-BAF8-ACEB0EDF8F95}.Ad-Hoc|iPhoneSimulator.Build.0 = Release|x86
		{3AF92986-206E-4C25-BAF8-ACEB0EDF8F95}.Ad-Hoc|iPhoneSimulator.Deploy.0 = Release|x86
		{3AF92986-206E-4C25-BAF8-ACEB0EDF8F95}.Ad-Hoc|x64.ActiveCfg = Release|x64
		{3AF92986-206E-4C25-BAF8-ACEB0EDF8F95}.Ad-Hoc|x64.Build.0 = Release|x64
		{3AF92986-206E-4C25-BAF8-ACEB0EDF8F95}.Ad-Hoc|x64.Deploy.0 = Release|x64
		{3AF92986-206E-4C25-BAF8-ACEB0EDF8F95}.Ad-Hoc|x86.ActiveCfg = Release|x86
		{3AF92986-206E-4C25-BAF8-ACEB0EDF8F95}.Ad-Hoc|x86.Build.0 = Release|x86
		{3AF92986-206E-4C25-BAF8-ACEB0EDF8F95}.Ad-Hoc|x86.Deploy.0 = Release|x86
		{3AF92986-206E-4C25-BAF8-ACEB0EDF8F95}.AppStore|Any CPU.ActiveCfg = Release|x86
		{3AF92986-206E-4C25-BAF8-ACEB0EDF8F95}.AppStore|Any CPU.Build.0 = Release|x86
		{3AF92986-206E-4C25-BAF8-ACEB0EDF8F95}.AppStore|Any CPU.Deploy.0 = Release|x86
		{3AF92986-206E-4C25-BAF8-ACEB0EDF8F95}.AppStore|ARM.ActiveCfg = Release|ARM
		{3AF92986-206E-4C25-BAF8-ACEB0EDF8F95}.AppStore|ARM.Build.0 = Release|ARM
		{3AF92986-206E-4C25-BAF8-ACEB0EDF8F95}.AppStore|ARM.Deploy.0 = Release|ARM
		{3AF92986-206E-4C25-BAF8-ACEB0EDF8F95}.AppStore|iPhone.ActiveCfg = Release|x86
		{3AF92986-206E-4C25-BAF8-ACEB0EDF8F95}.AppStore|iPhone.Build.0 = Release|x86
		{3AF92986-206E-4C25-BAF8-ACEB0EDF8F95}.AppStore|iPhone.Deploy.0 = Release|x86
		{3AF92986-206E-4C25-BAF8-ACEB0EDF8F95}.AppStore|iPhoneSimulator.ActiveCfg = Release|x86
		{3AF92986-206E-4C25-BAF8-ACEB0EDF8F95}.AppStore|iPhoneSimulator.Build.0 = Release|x86
		{3AF92986-206E-4C25-BAF8-ACEB0EDF8F95}.AppStore|iPhoneSimulator.Deploy.0 = Release|x86
		{3AF92986-206E-4C25-BAF8-ACEB0EDF8F95}.AppStore|x64.ActiveCfg = Release|x64
		{3AF92986-206E-4C25-BAF8-ACEB0EDF8F95}.AppStore|x64.Build.0 = Release|x64
		{3AF92986-206E-4C25-BAF8-ACEB0EDF8F95}.AppStore|x64.Deploy.0 = Release|x64
		{3AF92986-206E-4C25-BAF8-ACEB0EDF8F95}.AppStore|x86.ActiveCfg = Release|x86
		{3AF92986-206E-4C25-BAF8-ACEB0EDF8F95}.AppStore|x86.Build.0 = Release|x86
		{3AF92986-206E-4C25-BAF8-ACEB0EDF8F95}.AppStore|x86.Deploy.0 = Release|x86
		{3AF92986-206E-4C25-BAF8-ACEB0EDF8F95}.Debug|Any CPU.ActiveCfg = Debug|x86
		{3AF92986-206E-4C25-BAF8-ACEB0EDF8F95}.Debug|Any CPU.Build.0 = Debug|x86
		{3AF92986-206E-4C25-BAF8-ACEB0EDF8F95}.Debug|Any CPU.Deploy.0 = Debug|x86
		{3AF92986-206E-4C25-BAF8-ACEB0EDF8F95}.Debug|ARM.ActiveCfg = Debug|ARM
		{3AF92986-206E-4C25-BAF8-ACEB0EDF8F95}.Debug|ARM.Build.0 = Debug|ARM
		{3AF92986-206E-4C25-BAF8-ACEB0EDF8F95}.Debug|ARM.Deploy.0 = Debug|ARM
		{3AF92986-206E-4C25-BAF8-ACEB0EDF8F95}.Debug|iPhone.ActiveCfg = Debug|x86
		{3AF92986-206E-4C25-BAF8-ACEB0EDF8F95}.Debug|iPhone.Build.0 = Debug|x86
		{3AF92986-206E-4C25-BAF8-ACEB0EDF8F95}.Debug|iPhone.Deploy.0 = Debug|x86
		{3AF92986-206E-4C25-BAF8-ACEB0EDF8F95}.Debug|iPhoneSimulator.ActiveCfg = Debug|x86
		{3AF92986-206E-4C25-BAF8-ACEB0EDF8F95}.Debug|iPhoneSimulator.Build.0 = Debug|x86
		{3AF92986-206E-4C25-BAF8-ACEB0EDF8F95}.Debug|iPhoneSimulator.Deploy.0 = Debug|x86
		{3AF92986-206E-4C25-BAF8-ACEB0EDF8F95}.Debug|x64.ActiveCfg = Debug|x64
		{3AF92986-206E-4C25-BAF8-ACEB0EDF8F95}.Debug|x64.Build.0 = Debug|x64
		{3AF92986-206E-4C25-BAF8-ACEB0EDF8F95}.Debug|x64.Deploy.0 = Debug|x64
		{3AF92986-206E-4C25-BAF8-ACEB0EDF8F95}.Debug|x86.ActiveCfg = Debug|x86
		{3AF92986-206E-4C25-BAF8-ACEB0EDF8F95}.Debug|x86.Build.0 = Debug|x86
		{3AF92986-206E-4C25-BAF8-ACEB0EDF8F95}.Debug|x86.Deploy.0 = Debug|x86
		{3AF92986-206E-4C25-BAF8-ACEB0EDF8F95}.Release|Any CPU.ActiveCfg = Release|x86
		{3AF92986-206E-4C25-BAF8-ACEB0EDF8F95}.Release|Any CPU.Build.0 = Release|x86
		{3AF92986-206E-4C25-BAF8-ACEB0EDF8F95}.Release|Any CPU.Deploy.0 = Release|x86
		{3AF92986-206E-4C25-BAF8-ACEB0EDF8F95}.Release|ARM.ActiveCfg = Release|ARM
		{3AF92986-206E-4C25-BAF8-ACEB0EDF8F95}.Release|ARM.Build.0 = Release|ARM
		{3AF92986-206E-4C25-BAF8-ACEB0EDF8F95}.Release|ARM.Deploy.0 = Release|ARM
		{3AF92986-206E-4C25-BAF8-ACEB0EDF8F95}.Release|iPhone.ActiveCfg = Release|x86
		{3AF92986-206E-4C25-BAF8-ACEB0EDF8F95}.Release|iPhone.Build.0 = Release|x86
		{3AF92986-206E-4C25-BAF8-ACEB0EDF8F95}.Release|iPhone.Deploy.0 = Release|x86
		{3AF92986-206E-4C25-BAF8-ACEB0EDF8F95}.Release|iPhoneSimulator.ActiveCfg = Release|x86
		{3AF92986-206E-4C25-BAF8-ACEB0EDF8F95}.Release|iPhoneSimulator.Build.0 = Release|x86
		{3AF92986-206E-4C25-BAF8-ACEB0EDF8F95}.Release|iPhoneSimulator.Deploy.0 = Release|x86
		{3AF92986-206E-4C25-BAF8-ACEB0EDF8F95}.Release|x64.ActiveCfg = Release|x64
		{3AF92986-206E-4C25-BAF8-ACEB0EDF8F95}.Release|x64.Build.0 = Release|x64
		{3AF92986-206E-4C25-BAF8-ACEB0EDF8F95}.Release|x64.Deploy.0 = Release|x64
		{3AF92986-206E-4C25-BAF8-ACEB0EDF8F95}.Release|x86.ActiveCfg = Release|x86
		{3AF92986-206E-4C25-BAF8-ACEB0EDF8F95}.Release|x86.Build.0 = Release|x86
		{3AF92986-206E-4C25-BAF8-ACEB0EDF8F95}.Release|x86.Deploy.0 = Release|x86
		{FA8428BA-70A9-427A-8BEE-A8566075CEFA}.Ad-Hoc|Any CPU.ActiveCfg = Debug|Any CPU
		{FA8428BA-70A9-427A-8BEE-A8566075CEFA}.Ad-Hoc|Any CPU.Build.0 = Debug|Any CPU
		{FA8428BA-70A9-427A-8BEE-A8566075CEFA}.Ad-Hoc|Any CPU.Deploy.0 = Debug|Any CPU
		{FA8428BA-70A9-427A-8BEE-A8566075CEFA}.Ad-Hoc|ARM.ActiveCfg = Debug|Any CPU
		{FA8428BA-70A9-427A-8BEE-A8566075CEFA}.Ad-Hoc|ARM.Build.0 = Debug|Any CPU
		{FA8428BA-70A9-427A-8BEE-A8566075CEFA}.Ad-Hoc|ARM.Deploy.0 = Debug|Any CPU
		{FA8428BA-70A9-427A-8BEE-A8566075CEFA}.Ad-Hoc|iPhone.ActiveCfg = Debug|Any CPU
		{FA8428BA-70A9-427A-8BEE-A8566075CEFA}.Ad-Hoc|iPhone.Build.0 = Debug|Any CPU
		{FA8428BA-70A9-427A-8BEE-A8566075CEFA}.Ad-Hoc|iPhone.Deploy.0 = Debug|Any CPU
		{FA8428BA-70A9-427A-8BEE-A8566075CEFA}.Ad-Hoc|iPhoneSimulator.ActiveCfg = Debug|Any CPU
		{FA8428BA-70A9-427A-8BEE-A8566075CEFA}.Ad-Hoc|iPhoneSimulator.Build.0 = Debug|Any CPU
		{FA8428BA-70A9-427A-8BEE-A8566075CEFA}.Ad-Hoc|iPhoneSimulator.Deploy.0 = Debug|Any CPU
		{FA8428BA-70A9-427A-8BEE-A8566075CEFA}.Ad-Hoc|x64.ActiveCfg = Debug|Any CPU
		{FA8428BA-70A9-427A-8BEE-A8566075CEFA}.Ad-Hoc|x64.Build.0 = Debug|Any CPU
		{FA8428BA-70A9-427A-8BEE-A8566075CEFA}.Ad-Hoc|x64.Deploy.0 = Debug|Any CPU
		{FA8428BA-70A9-427A-8BEE-A8566075CEFA}.Ad-Hoc|x86.ActiveCfg = Debug|Any CPU
		{FA8428BA-70A9-427A-8BEE-A8566075CEFA}.Ad-Hoc|x86.Build.0 = Debug|Any CPU
		{FA8428BA-70A9-427A-8BEE-A8566075CEFA}.Ad-Hoc|x86.Deploy.0 = Debug|Any CPU
		{FA8428BA-70A9-427A-8BEE-A8566075CEFA}.AppStore|Any CPU.ActiveCfg = Debug|Any CPU
		{FA8428BA-70A9-427A-8BEE-A8566075CEFA}.AppStore|Any CPU.Build.0 = Debug|Any CPU
		{FA8428BA-70A9-427A-8BEE-A8566075CEFA}.AppStore|Any CPU.Deploy.0 = Debug|Any CPU
		{FA8428BA-70A9-427A-8BEE-A8566075CEFA}.AppStore|ARM.ActiveCfg = Debug|Any CPU
		{FA8428BA-70A9-427A-8BEE-A8566075CEFA}.AppStore|ARM.Build.0 = Debug|Any CPU
		{FA8428BA-70A9-427A-8BEE-A8566075CEFA}.AppStore|ARM.Deploy.0 = Debug|Any CPU
		{FA8428BA-70A9-427A-8BEE-A8566075CEFA}.AppStore|iPhone.ActiveCfg = Debug|Any CPU
		{FA8428BA-70A9-427A-8BEE-A8566075CEFA}.AppStore|iPhone.Build.0 = Debug|Any CPU
		{FA8428BA-70A9-427A-8BEE-A8566075CEFA}.AppStore|iPhone.Deploy.0 = Debug|Any CPU
		{FA8428BA-70A9-427A-8BEE-A8566075CEFA}.AppStore|iPhoneSimulator.ActiveCfg = Debug|Any CPU
		{FA8428BA-70A9-427A-8BEE-A8566075CEFA}.AppStore|iPhoneSimulator.Build.0 = Debug|Any CPU
		{FA8428BA-70A9-427A-8BEE-A8566075CEFA}.AppStore|iPhoneSimulator.Deploy.0 = Debug|Any CPU
		{FA8428BA-70A9-427A-8BEE-A8566075CEFA}.AppStore|x64.ActiveCfg = Debug|Any CPU
		{FA8428BA-70A9-427A-8BEE-A8566075CEFA}.AppStore|x64.Build.0 = Debug|Any CPU
		{FA8428BA-70A9-427A-8BEE-A8566075CEFA}.AppStore|x64.Deploy.0 = Debug|Any CPU
		{FA8428BA-70A9-427A-8BEE-A8566075CEFA}.AppStore|x86.ActiveCfg = Debug|Any CPU
		{FA8428BA-70A9-427A-8BEE-A8566075CEFA}.AppStore|x86.Build.0 = Debug|Any CPU
		{FA8428BA-70A9-427A-8BEE-A8566075CEFA}.AppStore|x86.Deploy.0 = Debug|Any CPU
		{FA8428BA-70A9-427A-8BEE-A8566075CEFA}.Debug|Any CPU.ActiveCfg = Debug|Any CPU
		{FA8428BA-70A9-427A-8BEE-A8566075CEFA}.Debug|Any CPU.Build.0 = Debug|Any CPU
		{FA8428BA-70A9-427A-8BEE-A8566075CEFA}.Debug|Any CPU.Deploy.0 = Debug|Any CPU
		{FA8428BA-70A9-427A-8BEE-A8566075CEFA}.Debug|ARM.ActiveCfg = Debug|Any CPU
		{FA8428BA-70A9-427A-8BEE-A8566075CEFA}.Debug|ARM.Build.0 = Debug|Any CPU
		{FA8428BA-70A9-427A-8BEE-A8566075CEFA}.Debug|ARM.Deploy.0 = Debug|Any CPU
		{FA8428BA-70A9-427A-8BEE-A8566075CEFA}.Debug|iPhone.ActiveCfg = Debug|Any CPU
		{FA8428BA-70A9-427A-8BEE-A8566075CEFA}.Debug|iPhone.Build.0 = Debug|Any CPU
		{FA8428BA-70A9-427A-8BEE-A8566075CEFA}.Debug|iPhone.Deploy.0 = Debug|Any CPU
		{FA8428BA-70A9-427A-8BEE-A8566075CEFA}.Debug|iPhoneSimulator.ActiveCfg = Debug|Any CPU
		{FA8428BA-70A9-427A-8BEE-A8566075CEFA}.Debug|iPhoneSimulator.Build.0 = Debug|Any CPU
		{FA8428BA-70A9-427A-8BEE-A8566075CEFA}.Debug|iPhoneSimulator.Deploy.0 = Debug|Any CPU
		{FA8428BA-70A9-427A-8BEE-A8566075CEFA}.Debug|x64.ActiveCfg = Debug|Any CPU
		{FA8428BA-70A9-427A-8BEE-A8566075CEFA}.Debug|x64.Build.0 = Debug|Any CPU
		{FA8428BA-70A9-427A-8BEE-A8566075CEFA}.Debug|x64.Deploy.0 = Debug|Any CPU
		{FA8428BA-70A9-427A-8BEE-A8566075CEFA}.Debug|x86.ActiveCfg = Debug|Any CPU
		{FA8428BA-70A9-427A-8BEE-A8566075CEFA}.Debug|x86.Build.0 = Debug|Any CPU
		{FA8428BA-70A9-427A-8BEE-A8566075CEFA}.Debug|x86.Deploy.0 = Debug|Any CPU
		{FA8428BA-70A9-427A-8BEE-A8566075CEFA}.Release|Any CPU.ActiveCfg = Release|Any CPU
		{FA8428BA-70A9-427A-8BEE-A8566075CEFA}.Release|Any CPU.Build.0 = Release|Any CPU
		{FA8428BA-70A9-427A-8BEE-A8566075CEFA}.Release|Any CPU.Deploy.0 = Release|Any CPU
		{FA8428BA-70A9-427A-8BEE-A8566075CEFA}.Release|ARM.ActiveCfg = Release|Any CPU
		{FA8428BA-70A9-427A-8BEE-A8566075CEFA}.Release|ARM.Build.0 = Release|Any CPU
		{FA8428BA-70A9-427A-8BEE-A8566075CEFA}.Release|ARM.Deploy.0 = Release|Any CPU
		{FA8428BA-70A9-427A-8BEE-A8566075CEFA}.Release|iPhone.ActiveCfg = Release|Any CPU
		{FA8428BA-70A9-427A-8BEE-A8566075CEFA}.Release|iPhone.Build.0 = Release|Any CPU
		{FA8428BA-70A9-427A-8BEE-A8566075CEFA}.Release|iPhone.Deploy.0 = Release|Any CPU
		{FA8428BA-70A9-427A-8BEE-A8566075CEFA}.Release|iPhoneSimulator.ActiveCfg = Release|Any CPU
		{FA8428BA-70A9-427A-8BEE-A8566075CEFA}.Release|iPhoneSimulator.Build.0 = Release|Any CPU
		{FA8428BA-70A9-427A-8BEE-A8566075CEFA}.Release|iPhoneSimulator.Deploy.0 = Release|Any CPU
		{FA8428BA-70A9-427A-8BEE-A8566075CEFA}.Release|x64.ActiveCfg = Release|Any CPU
		{FA8428BA-70A9-427A-8BEE-A8566075CEFA}.Release|x64.Build.0 = Release|Any CPU
		{FA8428BA-70A9-427A-8BEE-A8566075CEFA}.Release|x64.Deploy.0 = Release|Any CPU
		{FA8428BA-70A9-427A-8BEE-A8566075CEFA}.Release|x86.ActiveCfg = Release|Any CPU
		{FA8428BA-70A9-427A-8BEE-A8566075CEFA}.Release|x86.Build.0 = Release|Any CPU
		{FA8428BA-70A9-427A-8BEE-A8566075CEFA}.Release|x86.Deploy.0 = Release|Any CPU
	EndGlobalSection
	GlobalSection(SolutionProperties) = preSolution
		HideSolutionNode = FALSE
	EndGlobalSection
	GlobalSection(ExtensibilityGlobals) = postSolution
		SolutionGuid = {EAB2BD71-ADF3-4A89-BA06-F1CB4F498C55}
	EndGlobalSection
EndGlobal
